
Microsoft Visual Studio Solution File, Format Version 12.00
# Visual Studio Version 16
VisualStudioVersion = 16.0.28803.352
MinimumVisualStudioVersion = 10.0.40219.1
Project("{2150E333-8FDC-42A3-9474-1A3956D46DE8}") = "Solution Items", "Solution Items", "{E2325B48-FA1E-4BF7-A19F-EF6EBFAD7C8E}"
	ProjectSection(SolutionItems) = preProject
		README.md = README.md
	EndProjectSection
EndProject
Project("{9A19103F-16F7-4668-BE54-9A1E7A4F7556}") = "VTV.OpsConsole.RemoteManagement.APIServer", "VTV.OpsConsole.RemoteManagement.APIServer\VTV.OpsConsole.RemoteManagement.APIServer.csproj", "{9B5D1EA7-880B-415B-AD03-1A89C8BEA909}"
EndProject
Project("{9A19103F-16F7-4668-BE54-9A1E7A4F7556}") = "VTV.OpsConsole.RemoteManagement.Services", "VTV.OpsConsole.RemoteManagement.Services\VTV.OpsConsole.RemoteManagement.Services.csproj", "{AB7D4752-F74A-4C83-B339-A6B238169DA0}"
EndProject
Project("{9A19103F-16F7-4668-BE54-9A1E7A4F7556}") = "VTV.OpsConsole.RemoteManagement.Interfaces", "VTV.OpsConsole.RemoteManagement.Interfaces\VTV.OpsConsole.RemoteManagement.Interfaces.csproj", "{7E88CAF0-C836-4C5B-AA2B-28A2D58B0319}"
EndProject
Project("{9A19103F-16F7-4668-BE54-9A1E7A4F7556}") = "VTV.OpsConsole.RemoteManagement.Tests", "VTV.OpsConsole.RemoteManagement.Tests\VTV.OpsConsole.RemoteManagement.Tests.csproj", "{69807193-0125-46D5-AB51-8ED2D4D38BF7}"
EndProject
Project("{FAE04EC0-301F-11D3-BF4B-00C04F79EFBC}") = "VTV.OpsConsole.REmoteManagement.SecureAPIServer", "VTV.OpsConsole.REmoteManagement.SecureAPIServer\VTV.OpsConsole.REmoteManagement.SecureAPIServer.csproj", "{50402CF3-D685-4BFB-B462-23D788D1DC90}"
EndProject
Global
	GlobalSection(SolutionConfigurationPlatforms) = preSolution
		Debug|Any CPU = Debug|Any CPU
		Release|Any CPU = Release|Any CPU
	EndGlobalSection
	GlobalSection(ProjectConfigurationPlatforms) = postSolution
		{9B5D1EA7-880B-415B-AD03-1A89C8BEA909}.Debug|Any CPU.ActiveCfg = Debug|Any CPU
		{9B5D1EA7-880B-415B-AD03-1A89C8BEA909}.Debug|Any CPU.Build.0 = Debug|Any CPU
		{9B5D1EA7-880B-415B-AD03-1A89C8BEA909}.Release|Any CPU.ActiveCfg = Release|Any CPU
		{9B5D1EA7-880B-415B-AD03-1A89C8BEA909}.Release|Any CPU.Build.0 = Release|Any CPU
		{AB7D4752-F74A-4C83-B339-A6B238169DA0}.Debug|Any CPU.ActiveCfg = Debug|Any CPU
		{AB7D4752-F74A-4C83-B339-A6B238169DA0}.Debug|Any CPU.Build.0 = Debug|Any CPU
		{AB7D4752-F74A-4C83-B339-A6B238169DA0}.Release|Any CPU.ActiveCfg = Release|Any CPU
		{AB7D4752-F74A-4C83-B339-A6B238169DA0}.Release|Any CPU.Build.0 = Release|Any CPU
		{7E88CAF0-C836-4C5B-AA2B-28A2D58B0319}.Debug|Any CPU.ActiveCfg = Debug|Any CPU
		{7E88CAF0-C836-4C5B-AA2B-28A2D58B0319}.Debug|Any CPU.Build.0 = Debug|Any CPU
		{7E88CAF0-C836-4C5B-AA2B-28A2D58B0319}.Release|Any CPU.ActiveCfg = Release|Any CPU
		{7E88CAF0-C836-4C5B-AA2B-28A2D58B0319}.Release|Any CPU.Build.0 = Release|Any CPU
		{69807193-0125-46D5-AB51-8ED2D4D38BF7}.Debug|Any CPU.ActiveCfg = Debug|Any CPU
		{69807193-0125-46D5-AB51-8ED2D4D38BF7}.Debug|Any CPU.Build.0 = Debug|Any CPU
		{69807193-0125-46D5-AB51-8ED2D4D38BF7}.Release|Any CPU.ActiveCfg = Release|Any CPU
		{69807193-0125-46D5-AB51-8ED2D4D38BF7}.Release|Any CPU.Build.0 = Release|Any CPU
		{50402CF3-D685-4BFB-B462-23D788D1DC90}.Debug|Any CPU.ActiveCfg = Debug|Any CPU
		{50402CF3-D685-4BFB-B462-23D788D1DC90}.Debug|Any CPU.Build.0 = Debug|Any CPU
		{50402CF3-D685-4BFB-B462-23D788D1DC90}.Release|Any CPU.ActiveCfg = Release|Any CPU
		{50402CF3-D685-4BFB-B462-23D788D1DC90}.Release|Any CPU.Build.0 = Release|Any CPU
	EndGlobalSection
	GlobalSection(SolutionProperties) = preSolution
		HideSolutionNode = FALSE
	EndGlobalSection
	GlobalSection(ExtensibilityGlobals) = postSolution
		SolutionGuid = {C5F0AAE1-A0F5-4D1C-9BFC-E3EC9154DC7A}
	EndGlobalSection
EndGlobal
